
Microsoft Visual Studio Solution File, Format Version 12.00
Project("{FAE04EC0-301F-11D3-BF4B-00C04F79EFBC}") = "Core.Domain", "Core.Domain\Core.Domain.csproj", "{0E3FBEDA-ED87-4FE6-B621-B5C4956D4D5E}"
EndProject
Project("{FAE04EC0-301F-11D3-BF4B-00C04F79EFBC}") = "Core.DomainServices", "Core.DomainServices\Core.DomainServices.csproj", "{E6A125FA-616E-41FC-B387-E6EF06876AD9}"
EndProject
Project("{FAE04EC0-301F-11D3-BF4B-00C04F79EFBC}") = "Infrastructure.DB", "Infrastructure.DB\Infrastructure.DB.csproj", "{A724FEA3-E7D9-4A5D-90A3-2A9172115626}"
EndProject
Project("{FAE04EC0-301F-11D3-BF4B-00C04F79EFBC}") = "Infrastructure.API", "Infrastructure.API\Infrastructure.API.csproj", "{A03849CC-E265-4FE3-A70F-10793FD69E80}"
EndProject
Project("{FAE04EC0-301F-11D3-BF4B-00C04F79EFBC}") = "ApplicationServices", "ApplicationServices\ApplicationServices.csproj", "{748612C9-3A95-4F45-8F70-EE0EEF8E6840}"
EndProject
Project("{FAE04EC0-301F-11D3-BF4B-00C04F79EFBC}") = "WebApp", "WebApp\WebApp.csproj", "{5E0C3412-0C2D-47D1-8BFC-B4EB21B3E7CA}"
EndProject
Project("{FAE04EC0-301F-11D3-BF4B-00C04F79EFBC}") = "StamApi", "StamApi\StamApi.csproj", "{F28E03D7-44A7-4E18-83A7-D42963B07AAA}"
EndProject
Project("{FAE04EC0-301F-11D3-BF4B-00C04F79EFBC}") = "ApplicationServicesTests", "ApplicationServicesTests\ApplicationServicesTests.csproj", "{A2AE978D-5066-4EE4-894B-AB5405ECE48F}"
EndProject
Global
	GlobalSection(SolutionConfigurationPlatforms) = preSolution
		Debug|Any CPU = Debug|Any CPU
		Release|Any CPU = Release|Any CPU
	EndGlobalSection
	GlobalSection(ProjectConfigurationPlatforms) = postSolution
		{0E3FBEDA-ED87-4FE6-B621-B5C4956D4D5E}.Debug|Any CPU.ActiveCfg = Debug|Any CPU
		{0E3FBEDA-ED87-4FE6-B621-B5C4956D4D5E}.Debug|Any CPU.Build.0 = Debug|Any CPU
		{0E3FBEDA-ED87-4FE6-B621-B5C4956D4D5E}.Release|Any CPU.ActiveCfg = Release|Any CPU
		{0E3FBEDA-ED87-4FE6-B621-B5C4956D4D5E}.Release|Any CPU.Build.0 = Release|Any CPU
		{E6A125FA-616E-41FC-B387-E6EF06876AD9}.Debug|Any CPU.ActiveCfg = Debug|Any CPU
		{E6A125FA-616E-41FC-B387-E6EF06876AD9}.Debug|Any CPU.Build.0 = Debug|Any CPU
		{E6A125FA-616E-41FC-B387-E6EF06876AD9}.Release|Any CPU.ActiveCfg = Release|Any CPU
		{E6A125FA-616E-41FC-B387-E6EF06876AD9}.Release|Any CPU.Build.0 = Release|Any CPU
		{A724FEA3-E7D9-4A5D-90A3-2A9172115626}.Debug|Any CPU.ActiveCfg = Debug|Any CPU
		{A724FEA3-E7D9-4A5D-90A3-2A9172115626}.Debug|Any CPU.Build.0 = Debug|Any CPU
		{A724FEA3-E7D9-4A5D-90A3-2A9172115626}.Release|Any CPU.ActiveCfg = Release|Any CPU
		{A724FEA3-E7D9-4A5D-90A3-2A9172115626}.Release|Any CPU.Build.0 = Release|Any CPU
		{A03849CC-E265-4FE3-A70F-10793FD69E80}.Debug|Any CPU.ActiveCfg = Debug|Any CPU
		{A03849CC-E265-4FE3-A70F-10793FD69E80}.Debug|Any CPU.Build.0 = Debug|Any CPU
		{A03849CC-E265-4FE3-A70F-10793FD69E80}.Release|Any CPU.ActiveCfg = Release|Any CPU
		{A03849CC-E265-4FE3-A70F-10793FD69E80}.Release|Any CPU.Build.0 = Release|Any CPU
		{748612C9-3A95-4F45-8F70-EE0EEF8E6840}.Debug|Any CPU.ActiveCfg = Debug|Any CPU
		{748612C9-3A95-4F45-8F70-EE0EEF8E6840}.Debug|Any CPU.Build.0 = Debug|Any CPU
		{748612C9-3A95-4F45-8F70-EE0EEF8E6840}.Release|Any CPU.ActiveCfg = Release|Any CPU
		{748612C9-3A95-4F45-8F70-EE0EEF8E6840}.Release|Any CPU.Build.0 = Release|Any CPU
		{5E0C3412-0C2D-47D1-8BFC-B4EB21B3E7CA}.Debug|Any CPU.ActiveCfg = Debug|Any CPU
		{5E0C3412-0C2D-47D1-8BFC-B4EB21B3E7CA}.Debug|Any CPU.Build.0 = Debug|Any CPU
		{5E0C3412-0C2D-47D1-8BFC-B4EB21B3E7CA}.Release|Any CPU.ActiveCfg = Release|Any CPU
		{5E0C3412-0C2D-47D1-8BFC-B4EB21B3E7CA}.Release|Any CPU.Build.0 = Release|Any CPU
		{F28E03D7-44A7-4E18-83A7-D42963B07AAA}.Debug|Any CPU.ActiveCfg = Debug|Any CPU
		{F28E03D7-44A7-4E18-83A7-D42963B07AAA}.Debug|Any CPU.Build.0 = Debug|Any CPU
		{F28E03D7-44A7-4E18-83A7-D42963B07AAA}.Release|Any CPU.ActiveCfg = Release|Any CPU
		{F28E03D7-44A7-4E18-83A7-D42963B07AAA}.Release|Any CPU.Build.0 = Release|Any CPU
		{A2AE978D-5066-4EE4-894B-AB5405ECE48F}.Debug|Any CPU.ActiveCfg = Debug|Any CPU
		{A2AE978D-5066-4EE4-894B-AB5405ECE48F}.Debug|Any CPU.Build.0 = Debug|Any CPU
		{A2AE978D-5066-4EE4-894B-AB5405ECE48F}.Release|Any CPU.ActiveCfg = Release|Any CPU
		{A2AE978D-5066-4EE4-894B-AB5405ECE48F}.Release|Any CPU.Build.0 = Release|Any CPU
	EndGlobalSection
EndGlobal
